
Microsoft Visual Studio Solution File, Format Version 12.00
# Visual Studio Version 17
VisualStudioVersion = 17.11.35222.181
MinimumVisualStudioVersion = 10.0.40219.1
Project("{8BC9CEB8-8B4A-11D0-8D11-00A0C91BC942}") = "qhiredis", "qhiredis\qhiredis.vcxproj", "{9CFEC58B-FF1D-4558-A0C1-48E070D995F4}"
EndProject
Global
	GlobalSection(SolutionConfigurationPlatforms) = preSolution
		Debug|x64 = Debug|x64
		Release|x64 = Release|x64
	EndGlobalSection
	GlobalSection(ProjectConfigurationPlatforms) = postSolution
		{9CFEC58B-FF1D-4558-A0C1-48E070D995F4}.Debug|x64.ActiveCfg = Debug|x64
		{9CFEC58B-FF1D-4558-A0C1-48E070D995F4}.Debug|x64.Build.0 = Debug|x64
		{9CFEC58B-FF1D-4558-A0C1-48E070D995F4}.Release|x64.ActiveCfg = Release|x64
		{9CFEC58B-FF1D-4558-A0C1-48E070D995F4}.Release|x64.Build.0 = Release|x64
	EndGlobalSection
	GlobalSection(SolutionProperties) = preSolution
		HideSolutionNode = FALSE
	EndGlobalSection
	GlobalSection(ExtensibilityGlobals) = postSolution
		SolutionGuid = {734BC3D6-823D-4D13-A606-5E48906F3345}
	EndGlobalSection
EndGlobal
